{
  "nodes": {
    "fzf-git-sh": {
      "flake": false,
      "locked": {
        "narHash": "sha256-RgRP767r4JNXDDicS36YG5czvCRq3FLcE6T0Q31TGgI=",
        "type": "file",
        "url": "https://raw.githubusercontent.com/junegunn/fzf-git.sh/28b544a7b6d284b8e46e227b36000089b45e9e00/fzf-git.sh"
      },
      "original": {
        "type": "file",
        "url": "https://raw.githubusercontent.com/junegunn/fzf-git.sh/28b544a7b6d284b8e46e227b36000089b45e9e00/fzf-git.sh"
      }
    },
    "home-manager": {
      "inputs": {
        "nixpkgs": [
          "nixpkgs"
        ]
      },
      "locked": {
        "lastModified": 1743438213,
        "narHash": "sha256-ZZDN+0v1r4I1xkQWlt8euOJv5S4EvElUCZMrDjTCEsY=",
        "owner": "nix-community",
        "repo": "home-manager",
        "rev": "ccd7df836e1f42ea84806760f25b77b586370259",
        "type": "github"
      },
      "original": {
        "owner": "nix-community",
        "repo": "home-manager",
        "type": "github"
      }
    },
    "lfcd-sh": {
      "flake": false,
      "locked": {
        "narHash": "sha256-QB9OjYdGfEpiPWQ2OUWSAYjcg4PXLRhKkubAsQGc57A=",
        "type": "file",
        "url": "https://raw.githubusercontent.com/gokcehan/lf/8bfa3a6d347cad3940d224d14181f58bbf39811e/etc/lfcd.sh"
      },
      "original": {
        "type": "file",
        "url": "https://raw.githubusercontent.com/gokcehan/lf/8bfa3a6d347cad3940d224d14181f58bbf39811e/etc/lfcd.sh"
      }
    },
    "nixpkgs": {
      "locked": {
        "lastModified": 1743315132,
        "narHash": "sha256-6hl6L/tRnwubHcA4pfUUtk542wn2Om+D4UnDhlDW9BE=",
        "owner": "NixOS",
        "repo": "nixpkgs",
        "rev": "52faf482a3889b7619003c0daec593a1912fddc1",
        "type": "github"
      },
      "original": {
        "owner": "NixOS",
        "ref": "nixos-unstable",
        "repo": "nixpkgs",
        "type": "github"
      }
    },
    "root": {
      "inputs": {
        "fzf-git-sh": "fzf-git-sh",
        "home-manager": "home-manager",
        "lfcd-sh": "lfcd-sh",
        "nixpkgs": "nixpkgs"
      }
    }
  },
  "root": "root",
  "version": 7
}
