{
  "nodes": {
    "fzf-git-sh": {
      "flake": false,
      "locked": {
        "narHash": "sha256-RgRP767r4JNXDDicS36YG5czvCRq3FLcE6T0Q31TGgI=",
        "type": "file",
        "url": "https://raw.githubusercontent.com/junegunn/fzf-git.sh/28b544a7b6d284b8e46e227b36000089b45e9e00/fzf-git.sh"
      },
      "original": {
        "type": "file",
        "url": "https://raw.githubusercontent.com/junegunn/fzf-git.sh/28b544a7b6d284b8e46e227b36000089b45e9e00/fzf-git.sh"
      }
    },
    "home-manager": {
      "inputs": {
        "nixpkgs": [
          "nixpkgs"
        ]
      },
      "locked": {
        "lastModified": 1743607567,
        "narHash": "sha256-kTzKPDFmNzwO1cK4fiJgPB/iSw7HgBAmknRTeAPJAeI=",
        "owner": "nix-community",
        "repo": "home-manager",
        "rev": "49748c74cdbae03d70381f150b810f92617f23aa",
        "type": "github"
      },
      "original": {
        "owner": "nix-community",
        "repo": "home-manager",
        "type": "github"
      }
    },
    "lfcd-sh": {
      "flake": false,
      "locked": {
        "narHash": "sha256-QB9OjYdGfEpiPWQ2OUWSAYjcg4PXLRhKkubAsQGc57A=",
        "type": "file",
        "url": "https://raw.githubusercontent.com/gokcehan/lf/8bfa3a6d347cad3940d224d14181f58bbf39811e/etc/lfcd.sh"
      },
      "original": {
        "type": "file",
        "url": "https://raw.githubusercontent.com/gokcehan/lf/8bfa3a6d347cad3940d224d14181f58bbf39811e/etc/lfcd.sh"
      }
    },
    "nixpkgs": {
      "locked": {
        "lastModified": 1743448293,
        "narHash": "sha256-bmEPmSjJakAp/JojZRrUvNcDX2R5/nuX6bm+seVaGhs=",
        "owner": "NixOS",
        "repo": "nixpkgs",
        "rev": "77b584d61ff80b4cef9245829a6f1dfad5afdfa3",
        "type": "github"
      },
      "original": {
        "owner": "NixOS",
        "ref": "nixos-unstable",
        "repo": "nixpkgs",
        "type": "github"
      }
    },
    "root": {
      "inputs": {
        "fzf-git-sh": "fzf-git-sh",
        "home-manager": "home-manager",
        "lfcd-sh": "lfcd-sh",
        "nixpkgs": "nixpkgs"
      }
    }
  },
  "root": "root",
  "version": 7
}
